{
  "name": "reason-xstream",
  "version": "0.1.0",
  "lockfileVersion": 1,
  "requires": true,
  "dependencies": {
    "bs-platform": {
      "version": "3.1.5",
      "resolved": "https://registry.npmjs.org/bs-platform/-/bs-platform-3.1.5.tgz",
      "integrity": "sha1-+zTuRwK8kWOEjVU3CWxPMeuu7UA=",
      "dev": true
    },
    "symbol-observable": {
      "version": "1.2.0",
      "resolved": "https://registry.npmjs.org/symbol-observable/-/symbol-observable-1.2.0.tgz",
      "integrity": "sha512-e900nM8RRtGhlV36KGEU9k65K3mPb1WV70OdjfxlG2EAuM1noi/E/BaW/uMhL7bPEssK8QV57vN3esixjUvcXQ=="
    },
    "xstream": {
      "version": "11.4.0",
      "resolved": "https://registry.npmjs.org/xstream/-/xstream-11.4.0.tgz",
      "integrity": "sha512-yTSnIkBlgW8N+W+qOOf8/RBvYtWsiMOz1R2YCpS2cWUQegl96ZCi1FnYqwOhikb262juH4Tjk67R9D5vpLx+FA==",
      "requires": {
        "symbol-observable": "1.2.0"
      }
    }
  }
}
