# THIS IS AN AUTOGENERATED FILE. DO NOT EDIT THIS FILE DIRECTLY.
# yarn lockfile v1


bs-platform@^3.1.1:
  version "3.1.5"
  resolved "https://registry.yarnpkg.com/bs-platform/-/bs-platform-3.1.5.tgz#fb34ee4702bc9163848d5537096c4f31ebaeed40"

symbol-observable@1.2.0:
  version "1.2.0"
  resolved "https://registry.yarnpkg.com/symbol-observable/-/symbol-observable-1.2.0.tgz#c22688aed4eab3cdc2dfeacbb561660560a00804"

xstream@^11.4.0:
  version "11.4.0"
  resolved "https://registry.yarnpkg.com/xstream/-/xstream-11.4.0.tgz#e1b65693e36c3c60b3cf29f50d8d8e85954b91fd"
  dependencies:
    symbol-observable "1.2.0"
